// !$*UTF8*$!
{
	archiveVersion = 1;
	classes = {
	};
	objectVersion = 56;
	objects = {

/* Begin PBXBuildFile section */
		73FFE0BDD91E2F1F962A38EE /* Pods_NewsAppNew.framework in Frameworks */ = {isa = PBXBuildFile; fileRef = C664B9A54405F17DD70F609A /* Pods_NewsAppNew.framework */; };
		CE16B9E729D5AAB7008FDCBB /* CustomCell.swift in Sources */ = {isa = PBXBuildFile; fileRef = CE16B9E629D5AAB7008FDCBB /* CustomCell.swift */; };
		CE16B9E929D5B168008FDCBB /* SecondViewController.swift in Sources */ = {isa = PBXBuildFile; fileRef = CE16B9E829D5B167008FDCBB /* SecondViewController.swift */; };
		CE59912029D318BE00655D45 /* AppDelegate.swift in Sources */ = {isa = PBXBuildFile; fileRef = CE59911F29D318BE00655D45 /* AppDelegate.swift */; };
		CE59912229D318BE00655D45 /* SceneDelegate.swift in Sources */ = {isa = PBXBuildFile; fileRef = CE59912129D318BE00655D45 /* SceneDelegate.swift */; };
		CE59912429D318BE00655D45 /* ViewController.swift in Sources */ = {isa = PBXBuildFile; fileRef = CE59912329D318BE00655D45 /* ViewController.swift */; };
		CE59912729D318BE00655D45 /* Main.storyboard in Resources */ = {isa = PBXBuildFile; fileRef = CE59912529D318BE00655D45 /* Main.storyboard */; };
		CE59912929D318C700655D45 /* Assets.xcassets in Resources */ = {isa = PBXBuildFile; fileRef = CE59912829D318C700655D45 /* Assets.xcassets */; };
		CE59912C29D318C700655D45 /* LaunchScreen.storyboard in Resources */ = {isa = PBXBuildFile; fileRef = CE59912A29D318C700655D45 /* LaunchScreen.storyboard */; };
/* End PBXBuildFile section */

/* Begin PBXFileReference section */
		0F06CDDEBF63A8FBD5E5F704 /* Pods-NewsAppNew.debug.xcconfig */ = {isa = PBXFileReference; includeInIndex = 1; lastKnownFileType = text.xcconfig; name = "Pods-NewsAppNew.debug.xcconfig"; path = "Target Support Files/Pods-NewsAppNew/Pods-NewsAppNew.debug.xcconfig"; sourceTree = "<group>"; };
		2A0C4C59FE82E11B92B06FF5 /* Pods-NewsAppNew.release.xcconfig */ = {isa = PBXFileReference; includeInIndex = 1; lastKnownFileType = text.xcconfig; name = "Pods-NewsAppNew.release.xcconfig"; path = "Target Support Files/Pods-NewsAppNew/Pods-NewsAppNew.release.xcconfig"; sourceTree = "<group>"; };
		C664B9A54405F17DD70F609A /* Pods_NewsAppNew.framework */ = {isa = PBXFileReference; explicitFileType = wrapper.framework; includeInIndex = 0; path = Pods_NewsAppNew.framework; sourceTree = BUILT_PRODUCTS_DIR; };
		CE16B9E629D5AAB7008FDCBB /* CustomCell.swift */ = {isa = PBXFileReference; lastKnownFileType = sourcecode.swift; path = CustomCell.swift; sourceTree = "<group>"; };
		CE16B9E829D5B167008FDCBB /* SecondViewController.swift */ = {isa = PBXFileReference; lastKnownFileType = sourcecode.swift; path = SecondViewController.swift; sourceTree = "<group>"; };
		CE59911C29D318BE00655D45 /* NewsAppNew.app */ = {isa = PBXFileReference; explicitFileType = wrapper.application; includeInIndex = 0; path = NewsAppNew.app; sourceTree = BUILT_PRODUCTS_DIR; };
		CE59911F29D318BE00655D45 /* AppDelegate.swift */ = {isa = PBXFileReference; indentWidth = 5; lastKnownFileType = sourcecode.swift; path = AppDelegate.swift; sourceTree = "<group>"; };
		CE59912129D318BE00655D45 /* SceneDelegate.swift */ = {isa = PBXFileReference; lastKnownFileType = sourcecode.swift; path = SceneDelegate.swift; sourceTree = "<group>"; };
		CE59912329D318BE00655D45 /* ViewController.swift */ = {isa = PBXFileReference; lastKnownFileType = sourcecode.swift; path = ViewController.swift; sourceTree = "<group>"; };
		CE59912629D318BE00655D45 /* Base */ = {isa = PBXFileReference; lastKnownFileType = file.storyboard; name = Base; path = Base.lproj/Main.storyboard; sourceTree = "<group>"; };
		CE59912829D318C700655D45 /* Assets.xcassets */ = {isa = PBXFileReference; lastKnownFileType = folder.assetcatalog; path = Assets.xcassets; sourceTree = "<group>"; };
		CE59912B29D318C700655D45 /* Base */ = {isa = PBXFileReference; lastKnownFileType = file.storyboard; name = Base; path = Base.lproj/LaunchScreen.storyboard; sourceTree = "<group>"; };
		CE59912D29D318C700655D45 /* Info.plist */ = {isa = PBXFileReference; lastKnownFileType = text.plist.xml; path = Info.plist; sourceTree = "<group>"; };
/* End PBXFileReference section */

/* Begin PBXFrameworksBuildPhase section */
		CE59911929D318BE00655D45 /* Frameworks */ = {
			isa = PBXFrameworksBuildPhase;
			buildActionMask = 2147483647;
			files = (
				73FFE0BDD91E2F1F962A38EE /* Pods_NewsAppNew.framework in Frameworks */,
			);
			runOnlyForDeploymentPostprocessing = 0;
		};
/* End PBXFrameworksBuildPhase section */

/* Begin PBXGroup section */
		32AA8A6D6D7EAC11287A7BE8 /* Pods */ = {
			isa = PBXGroup;
			children = (
				0F06CDDEBF63A8FBD5E5F704 /* Pods-NewsAppNew.debug.xcconfig */,
				2A0C4C59FE82E11B92B06FF5 /* Pods-NewsAppNew.release.xcconfig */,
			);
			path = Pods;
			sourceTree = "<group>";
		};
		CE59911329D318BE00655D45 = {
			isa = PBXGroup;
			children = (
				CE59911E29D318BE00655D45 /* NewsAppNew */,
				CE59911D29D318BE00655D45 /* Products */,
				32AA8A6D6D7EAC11287A7BE8 /* Pods */,
				E03ABC7E786A718E655AE2D5 /* Frameworks */,
			);
			sourceTree = "<group>";
		};
		CE59911D29D318BE00655D45 /* Products */ = {
			isa = PBXGroup;
			children = (
				CE59911C29D318BE00655D45 /* NewsAppNew.app */,
			);
			name = Products;
			sourceTree = "<group>";
		};
		CE59911E29D318BE00655D45 /* NewsAppNew */ = {
			isa = PBXGroup;
			children = (
				CE59911F29D318BE00655D45 /* AppDelegate.swift */,
				CE59912129D318BE00655D45 /* SceneDelegate.swift */,
				CE59912329D318BE00655D45 /* ViewController.swift */,
				CE59912529D318BE00655D45 /* Main.storyboard */,
				CE59912829D318C700655D45 /* Assets.xcassets */,
				CE59912A29D318C700655D45 /* LaunchScreen.storyboard */,
				CE59912D29D318C700655D45 /* Info.plist */,
				CE16B9E629D5AAB7008FDCBB /* CustomCell.swift */,
				CE16B9E829D5B167008FDCBB /* SecondViewController.swift */,
			);
			path = NewsAppNew;
			sourceTree = "<group>";
		};
		E03ABC7E786A718E655AE2D5 /* Frameworks */ = {
			isa = PBXGroup;
			children = (
				C664B9A54405F17DD70F609A /* Pods_NewsAppNew.framework */,
			);
			name = Frameworks;
			sourceTree = "<group>";
		};
/* End PBXGroup section */

/* Begin PBXNativeTarget section */
		CE59911B29D318BE00655D45 /* NewsAppNew */ = {
			isa = PBXNativeTarget;
			buildConfigurationList = CE59913029D318C700655D45 /* Build configuration list for PBXNativeTarget "NewsAppNew" */;
			buildPhases = (
				C54884F2E4C9145AF5CD0C5B /* [CP] Check Pods Manifest.lock */,
				CE59911829D318BE00655D45 /* Sources */,
				CE59911929D318BE00655D45 /* Frameworks */,
				CE59911A29D318BE00655D45 /* Resources */,
				F81775F3C6AFBB2FE17628F5 /* [CP] Embed Pods Frameworks */,
			);
			buildRules = (
			);
			dependencies = (
			);
			name = NewsAppNew;
			productName = NewsAppNew;
			productReference = CE59911C29D318BE00655D45 /* NewsAppNew.app */;
			productType = "com.apple.product-type.application";
		};
/* End PBXNativeTarget section */

/* Begin PBXProject section */
		CE59911429D318BE00655D45 /* Project object */ = {
			isa = PBXProject;
			attributes = {
				BuildIndependentTargetsInParallel = 1;
				LastSwiftUpdateCheck = 1410;
				LastUpgradeCheck = 1410;
				TargetAttributes = {
					CE59911B29D318BE00655D45 = {
						CreatedOnToolsVersion = 14.1;
					};
				};
			};
			buildConfigurationList = CE59911729D318BE00655D45 /* Build configuration list for PBXProject "NewsAppNew" */;
			compatibilityVersion = "Xcode 14.0";
			developmentRegion = en;
			hasScannedForEncodings = 0;
			knownRegions = (
				en,
				Base,
			);
			mainGroup = CE59911329D318BE00655D45;
			productRefGroup = CE59911D29D318BE00655D45 /* Products */;
			projectDirPath = "";
			projectRoot = "";
			targets = (
				CE59911B29D318BE00655D45 /* NewsAppNew */,
			);
		};
/* End PBXProject section */

/* Begin PBXResourcesBuildPhase section */
		CE59911A29D318BE00655D45 /* Resources */ = {
			isa = PBXResourcesBuildPhase;
			buildActionMask = 2147483647;
			files = (
				CE59912C29D318C700655D45 /* LaunchScreen.storyboard in Resources */,
				CE59912929D318C700655D45 /* Assets.xcassets in Resources */,
				CE59912729D318BE00655D45 /* Main.storyboard in Resources */,
			);
			runOnlyForDeploymentPostprocessing = 0;
		};
/* End PBXResourcesBuildPhase section */

/* Begin PBXShellScriptBuildPhase section */
		C54884F2E4C9145AF5CD0C5B /* [CP] Check Pods Manifest.lock */ = {
			isa = PBXShellScriptBuildPhase;
			buildActionMask = 2147483647;
			files = (
			);
			inputFileListPaths = (
			);
			inputPaths = (
				"${PODS_PODFILE_DIR_PATH}/Podfile.lock",
				"${PODS_ROOT}/Manifest.lock",
			);
			name = "[CP] Check Pods Manifest.lock";
			outputFileListPaths = (
			);
			outputPaths = (
				"$(DERIVED_FILE_DIR)/Pods-NewsAppNew-checkManifestLockResult.txt",
			);
			runOnlyForDeploymentPostprocessing = 0;
			shellPath = /bin/sh;
			shellScript = "diff \"${PODS_PODFILE_DIR_PATH}/Podfile.lock\" \"${PODS_ROOT}/Manifest.lock\" > /dev/null\nif [ $? != 0 ] ; then\n    # print error to STDERR\n    echo \"error: The sandbox is not in sync with the Podfile.lock. Run 'pod install' or update your CocoaPods installation.\" >&2\n    exit 1\nfi\n# This output is used by Xcode 'outputs' to avoid re-running this script phase.\necho \"SUCCESS\" > \"${SCRIPT_OUTPUT_FILE_0}\"\n";
			showEnvVarsInLog = 0;
		};
		F81775F3C6AFBB2FE17628F5 /* [CP] Embed Pods Frameworks */ = {
			isa = PBXShellScriptBuildPhase;
			buildActionMask = 2147483647;
			files = (
			);
			inputFileListPaths = (
				"${PODS_ROOT}/Target Support Files/Pods-NewsAppNew/Pods-NewsAppNew-frameworks-${CONFIGURATION}-input-files.xcfilelist",
			);
			name = "[CP] Embed Pods Frameworks";
			outputFileListPaths = (
				"${PODS_ROOT}/Target Support Files/Pods-NewsAppNew/Pods-NewsAppNew-frameworks-${CONFIGURATION}-output-files.xcfilelist",
			);
			runOnlyForDeploymentPostprocessing = 0;
			shellPath = /bin/sh;
			shellScript = "\"${PODS_ROOT}/Target Support Files/Pods-NewsAppNew/Pods-NewsAppNew-frameworks.sh\"\n";
			showEnvVarsInLog = 0;
		};
/* End PBXShellScriptBuildPhase section */

/* Begin PBXSourcesBuildPhase section */
		CE59911829D318BE00655D45 /* Sources */ = {
			isa = PBXSourcesBuildPhase;
			buildActionMask = 2147483647;
			files = (
				CE59912429D318BE00655D45 /* ViewController.swift in Sources */,
				CE59912029D318BE00655D45 /* AppDelegate.swift in Sources */,
				CE16B9E729D5AAB7008FDCBB /* CustomCell.swift in Sources */,
				CE16B9E929D5B168008FDCBB /* SecondViewController.swift in Sources */,
				CE59912229D318BE00655D45 /* SceneDelegate.swift in Sources */,
			);
			runOnlyForDeploymentPostprocessing = 0;
		};
/* End PBXSourcesBuildPhase section */

/* Begin PBXVariantGroup section */
		CE59912529D318BE00655D45 /* Main.storyboard */ = {
			isa = PBXVariantGroup;
			children = (
				CE59912629D318BE00655D45 /* Base */,
			);
			name = Main.storyboard;
			sourceTree = "<group>";
		};
		CE59912A29D318C700655D45 /* LaunchScreen.storyboard */ = {
			isa = PBXVariantGroup;
			children = (
				CE59912B29D318C700655D45 /* Base */,
			);
			name = LaunchScreen.storyboard;
			sourceTree = "<group>";
		};
/* End PBXVariantGroup section */

/* Begin XCBuildConfiguration section */
		CE59912E29D318C700655D45 /* Debug */ = {
			isa = XCBuildConfiguration;
			buildSettings = {
				ALWAYS_SEARCH_USER_PATHS = NO;
				CLANG_ANALYZER_NONNULL = YES;
				CLANG_ANALYZER_NUMBER_OBJECT_CONVERSION = YES_AGGRESSIVE;
				CLANG_CXX_LANGUAGE_STANDARD = "gnu++20";
				CLANG_ENABLE_MODULES = YES;
				CLANG_ENABLE_OBJC_ARC = YES;
				CLANG_ENABLE_OBJC_WEAK = YES;
				CLANG_WARN_BLOCK_CAPTURE_AUTORELEASING = YES;
				CLANG_WARN_BOOL_CONVERSION = YES;
				CLANG_WARN_COMMA = YES;
				CLANG_WARN_CONSTANT_CONVERSION = YES;
				CLANG_WARN_DEPRECATED_OBJC_IMPLEMENTATIONS = YES;
				CLANG_WARN_DIRECT_OBJC_ISA_USAGE = YES_ERROR;
				CLANG_WARN_DOCUMENTATION_COMMENTS = YES;
				CLANG_WARN_EMPTY_BODY = YES;
				CLANG_WARN_ENUM_CONVERSION = YES;
				CLANG_WARN_INFINITE_RECURSION = YES;
				CLANG_WARN_INT_CONVERSION = YES;
				CLANG_WARN_NON_LITERAL_NULL_CONVERSION = YES;
				CLANG_WARN_OBJC_IMPLICIT_RETAIN_SELF = YES;
				CLANG_WARN_OBJC_LITERAL_CONVERSION = YES;
				CLANG_WARN_OBJC_ROOT_CLASS = YES_ERROR;
				CLANG_WARN_QUOTED_INCLUDE_IN_FRAMEWORK_HEADER = YES;
				CLANG_WARN_RANGE_LOOP_ANALYSIS = YES;
				CLANG_WARN_STRICT_PROTOTYPES = YES;
				CLANG_WARN_SUSPICIOUS_MOVE = YES;
				CLANG_WARN_UNGUARDED_AVAILABILITY = YES_AGGRESSIVE;
				CLANG_WARN_UNREACHABLE_CODE = YES;
				CLANG_WARN__DUPLICATE_METHOD_MATCH = YES;
				COPY_PHASE_STRIP = NO;
				DEBUG_INFORMATION_FORMAT = dwarf;
				ENABLE_STRICT_OBJC_MSGSEND = YES;
				ENABLE_TESTABILITY = YES;
				GCC_C_LANGUAGE_STANDARD = gnu11;
				GCC_DYNAMIC_NO_PIC = NO;
				GCC_NO_COMMON_BLOCKS = YES;
				GCC_OPTIMIZATION_LEVEL = 0;
				GCC_PREPROCESSOR_DEFINITIONS = (
					"DEBUG=1",
					"$(inherited)",
				);
				GCC_WARN_64_TO_32_BIT_CONVERSION = YES;
				GCC_WARN_ABOUT_RETURN_TYPE = YES_ERROR;
				GCC_WARN_UNDECLARED_SELECTOR = YES;
				GCC_WARN_UNINITIALIZED_AUTOS = YES_AGGRESSIVE;
				GCC_WARN_UNUSED_FUNCTION = YES;
				GCC_WARN_UNUSED_VARIABLE = YES;
				IPHONEOS_DEPLOYMENT_TARGET = 16.1;
				MTL_ENABLE_DEBUG_INFO = INCLUDE_SOURCE;
				MTL_FAST_MATH = YES;
				ONLY_ACTIVE_ARCH = YES;
				SDKROOT = iphoneos;
				SWIFT_ACTIVE_COMPILATION_CONDITIONS = DEBUG;
				SWIFT_OPTIMIZATION_LEVEL = "-Onone";
			};
			name = Debug;
		};
		CE59912F29D318C700655D45 /* Release */ = {
			isa = XCBuildConfiguration;
			buildSettings = {
				ALWAYS_SEARCH_USER_PATHS = NO;
				CLANG_ANALYZER_NONNULL = YES;
				CLANG_ANALYZER_NUMBER_OBJECT_CONVERSION = YES_AGGRESSIVE;
				CLANG_CXX_LANGUAGE_STANDARD = "gnu++20";
				CLANG_ENABLE_MODULES = YES;
				CLANG_ENABLE_OBJC_ARC = YES;
				CLANG_ENABLE_OBJC_WEAK = YES;
				CLANG_WARN_BLOCK_CAPTURE_AUTORELEASING = YES;
				CLANG_WARN_BOOL_CONVERSION = YES;
				CLANG_WARN_COMMA = YES;
				CLANG_WARN_CONSTANT_CONVERSION = YES;
				CLANG_WARN_DEPRECATED_OBJC_IMPLEMENTATIONS = YES;
				CLANG_WARN_DIRECT_OBJC_ISA_USAGE = YES_ERROR;
				CLANG_WARN_DOCUMENTATION_COMMENTS = YES;
				CLANG_WARN_EMPTY_BODY = YES;
				CLANG_WARN_ENUM_CONVERSION = YES;
				CLANG_WARN_INFINITE_RECURSION = YES;
				CLANG_WARN_INT_CONVERSION = YES;
				CLANG_WARN_NON_LITERAL_NULL_CONVERSION = YES;
				CLANG_WARN_OBJC_IMPLICIT_RETAIN_SELF = YES;
				CLANG_WARN_OBJC_LITERAL_CONVERSION = YES;
				CLANG_WARN_OBJC_ROOT_CLASS = YES_ERROR;
				CLANG_WARN_QUOTED_INCLUDE_IN_FRAMEWORK_HEADER = YES;
				CLANG_WARN_RANGE_LOOP_ANALYSIS = YES;
				CLANG_WARN_STRICT_PROTOTYPES = YES;
				CLANG_WARN_SUSPICIOUS_MOVE = YES;
				CLANG_WARN_UNGUARDED_AVAILABILITY = YES_AGGRESSIVE;
				CLANG_WARN_UNREACHABLE_CODE = YES;
				CLANG_WARN__DUPLICATE_METHOD_MATCH = YES;
				COPY_PHASE_STRIP = NO;
				DEBUG_INFORMATION_FORMAT = "dwarf-with-dsym";
				ENABLE_NS_ASSERTIONS = NO;
				ENABLE_STRICT_OBJC_MSGSEND = YES;
				GCC_C_LANGUAGE_STANDARD = gnu11;
				GCC_NO_COMMON_BLOCKS = YES;
				GCC_WARN_64_TO_32_BIT_CONVERSION = YES;
				GCC_WARN_ABOUT_RETURN_TYPE = YES_ERROR;
				GCC_WARN_UNDECLARED_SELECTOR = YES;
				GCC_WARN_UNINITIALIZED_AUTOS = YES_AGGRESSIVE;
				GCC_WARN_UNUSED_FUNCTION = YES;
				GCC_WARN_UNUSED_VARIABLE = YES;
				IPHONEOS_DEPLOYMENT_TARGET = 16.1;
				MTL_ENABLE_DEBUG_INFO = NO;
				MTL_FAST_MATH = YES;
				SDKROOT = iphoneos;
				SWIFT_COMPILATION_MODE = wholemodule;
				SWIFT_OPTIMIZATION_LEVEL = "-O";
				VALIDATE_PRODUCT = YES;
			};
			name = Release;
		};
		CE59913129D318C700655D45 /* Debug */ = {
			isa = XCBuildConfiguration;
			baseConfigurationReference = 0F06CDDEBF63A8FBD5E5F704 /* Pods-NewsAppNew.debug.xcconfig */;
			buildSettings = {
				ASSETCATALOG_COMPILER_APPICON_NAME = AppIcon;
				ASSETCATALOG_COMPILER_GLOBAL_ACCENT_COLOR_NAME = AccentColor;
				CODE_SIGN_STYLE = Automatic;
				CURRENT_PROJECT_VERSION = 1;
				GENERATE_INFOPLIST_FILE = YES;
				INFOPLIST_FILE = NewsAppNew/Info.plist;
				INFOPLIST_KEY_UIApplicationSupportsIndirectInputEvents = YES;
				INFOPLIST_KEY_UILaunchStoryboardName = LaunchScreen;
				INFOPLIST_KEY_UIMainStoryboardFile = Main;
				INFOPLIST_KEY_UISupportedInterfaceOrientations_iPad = "UIInterfaceOrientationPortrait UIInterfaceOrientationPortraitUpsideDown UIInterfaceOrientationLandscapeLeft UIInterfaceOrientationLandscapeRight";
				INFOPLIST_KEY_UISupportedInterfaceOrientations_iPhone = "UIInterfaceOrientationPortrait UIInterfaceOrientationLandscapeLeft UIInterfaceOrientationLandscapeRight";
				LD_RUNPATH_SEARCH_PATHS = (
					"$(inherited)",
					"@executable_path/Frameworks",
				);
				MARKETING_VERSION = 1.0;
				PRODUCT_BUNDLE_IDENTIFIER = check.NewsAppNew;
				PRODUCT_NAME = "$(TARGET_NAME)";
				SWIFT_EMIT_LOC_STRINGS = YES;
				SWIFT_VERSION = 5.0;
				TARGETED_DEVICE_FAMILY = "1,2";
			};
			name = Debug;
		};
		CE59913229D318C700655D45 /* Release */ = {
			isa = XCBuildConfiguration;
			baseConfigurationReference = 2A0C4C59FE82E11B92B06FF5 /* Pods-NewsAppNew.release.xcconfig */;
			buildSettings = {
				ASSETCATALOG_COMPILER_APPICON_NAME = AppIcon;
				ASSETCATALOG_COMPILER_GLOBAL_ACCENT_COLOR_NAME = AccentColor;
				CODE_SIGN_STYLE = Automatic;
				CURRENT_PROJECT_VERSION = 1;
				GENERATE_INFOPLIST_FILE = YES;
				INFOPLIST_FILE = NewsAppNew/Info.plist;
				INFOPLIST_KEY_UIApplicationSupportsIndirectInputEvents = YES;
				INFOPLIST_KEY_UILaunchStoryboardName = LaunchScreen;
				INFOPLIST_KEY_UIMainStoryboardFile = Main;
				INFOPLIST_KEY_UISupportedInterfaceOrientations_iPad = "UIInterfaceOrientationPortrait UIInterfaceOrientationPortraitUpsideDown UIInterfaceOrientationLandscapeLeft UIInterfaceOrientationLandscapeRight";
				INFOPLIST_KEY_UISupportedInterfaceOrientations_iPhone = "UIInterfaceOrientationPortrait UIInterfaceOrientationLandscapeLeft UIInterfaceOrientationLandscapeRight";
				LD_RUNPATH_SEARCH_PATHS = (
					"$(inherited)",
					"@executable_path/Frameworks",
				);
				MARKETING_VERSION = 1.0;
				PRODUCT_BUNDLE_IDENTIFIER = check.NewsAppNew;
				PRODUCT_NAME = "$(TARGET_NAME)";
				SWIFT_EMIT_LOC_STRINGS = YES;
				SWIFT_VERSION = 5.0;
				TARGETED_DEVICE_FAMILY = "1,2";
			};
			name = Release;
		};
/* End XCBuildConfiguration section */

/* Begin XCConfigurationList section */
		CE59911729D318BE00655D45 /* Build configuration list for PBXProject "NewsAppNew" */ = {
			isa = XCConfigurationList;
			buildConfigurations = (
				CE59912E29D318C700655D45 /* Debug */,
				CE59912F29D318C700655D45 /* Release */,
			);
			defaultConfigurationIsVisible = 0;
			defaultConfigurationName = Release;
		};
		CE59913029D318C700655D45 /* Build configuration list for PBXNativeTarget "NewsAppNew" */ = {
			isa = XCConfigurationList;
			buildConfigurations = (
				CE59913129D318C700655D45 /* Debug */,
				CE59913229D318C700655D45 /* Release */,
			);
			defaultConfigurationIsVisible = 0;
			defaultConfigurationName = Release;
		};
/* End XCConfigurationList section */
	};
	rootObject = CE59911429D318BE00655D45 /* Project object */;
}
